
Microsoft Visual Studio Solution File, Format Version 12.00
# Visual Studio Version 17
VisualStudioVersion = 17.4.33103.184
MinimumVisualStudioVersion = 10.0.40219.1
Project("{2150E333-8FDC-42A3-9474-1A3956D46DE8}") = "IOCContainer", "IOCContainer", "{B189D720-09B4-4EF8-95EA-02DA17EF8564}"
EndProject
Project("{9A19103F-16F7-4668-BE54-9A1E7A4F7556}") = "IOCContainerSample", "IOCContainerSample\IOCContainerSample.csproj", "{1CC2B11C-7451-46D4-AB83-8F968794FC46}"
EndProject
Project("{9A19103F-16F7-4668-BE54-9A1E7A4F7556}") = "MVC_NET5_IOCSample", "MVC_NET5_IOCSample\MVC_NET5_IOCSample.csproj", "{4B8758C4-6488-4503-9680-D9F5FA1C54FD}"
EndProject
Project("{9A19103F-16F7-4668-BE54-9A1E7A4F7556}") = "MVC_NET6_IOCSample", "MVC_NET6_IOCSample\MVC_NET6_IOCSample.csproj", "{DBC78A96-9C61-47E1-9208-B8CAC6972572}"
EndProject
Project("{9A19103F-16F7-4668-BE54-9A1E7A4F7556}") = "ExtentionMethodeSample", "ExtentionMethodeSample\ExtentionMethodeSample.csproj", "{8B3A308A-C41D-4CA6-9A23-411B5E84B441}"
EndProject
Project("{2150E333-8FDC-42A3-9474-1A3956D46DE8}") = "Solution Items", "Solution Items", "{1B75B48B-3750-4290-96BD-4AC552FEDE87}"
	ProjectSection(SolutionItems) = preProject
		.editorconfig = .editorconfig
		..\Agenda.md = ..\Agenda.md
	EndProjectSection
EndProject
Project("{2150E333-8FDC-42A3-9474-1A3956D46DE8}") = "ADONET", "ADONET", "{A0012A13-73E5-4D44-815D-3B757099CE43}"
EndProject
Project("{9A19103F-16F7-4668-BE54-9A1E7A4F7556}") = "ADONET_Sample", "ADONET_Sample\ADONET_Sample.csproj", "{93AB39E4-E939-4888-B4E1-F58F4BC1467D}"
EndProject
Project("{9A19103F-16F7-4668-BE54-9A1E7A4F7556}") = "GeoRelationalSample", "GeoRelationalSample\GeoRelationalSample.csproj", "{21B84702-8D9C-4F1A-B9F1-1BA510A60EED}"
EndProject
Project("{9A19103F-16F7-4668-BE54-9A1E7A4F7556}") = "ConsoleWithEFCoreSample", "ConsoleWithEFCoreSample\ConsoleWithEFCoreSample.csproj", "{206E9484-9394-423E-AF82-A07B45F24D45}"
EndProject
Project("{2150E333-8FDC-42A3-9474-1A3956D46DE8}") = "WebAPI", "WebAPI", "{D8725B44-3A89-4D5A-BB75-A63B7E20421E}"
EndProject
Project("{FAE04EC0-301F-11D3-BF4B-00C04F79EFBC}") = "WebAPISample", "WebAPISample\WebAPISample.csproj", "{35EAAA44-B07B-48EA-A80E-C14BAC804248}"
EndProject
Project("{2150E333-8FDC-42A3-9474-1A3956D46DE8}") = "Einstieg", "Einstieg", "{BA4317D2-2A21-4E45-86EB-5FBE63E6FEC1}"
EndProject
Project("{2150E333-8FDC-42A3-9474-1A3956D46DE8}") = "Was sind DTO Objekte", "Was sind DTO Objekte", "{03055BBF-F754-4DB8-8AA4-9FFD9CC0C0BF}"
EndProject
Project("{FAE04EC0-301F-11D3-BF4B-00C04F79EFBC}") = "WebAPISample_With_DTOs", "WebAPISample_With_DTOs\WebAPISample_With_DTOs.csproj", "{365DAAEE-F3EB-4538-82B8-2E465549B4AD}"
EndProject
Project("{FAE04EC0-301F-11D3-BF4B-00C04F79EFBC}") = "WebAPI_mit_MediatR", "WebAPI_mit_MediatR\WebAPI_mit_MediatR.csproj", "{663953D4-B3F6-485C-B820-D5D1C8FD27FC}"
EndProject
Project("{2150E333-8FDC-42A3-9474-1A3956D46DE8}") = "TPL", "TPL", "{AD62753D-EFBB-4AAB-81AD-02EF41BF195B}"
EndProject
Project("{FAE04EC0-301F-11D3-BF4B-00C04F79EFBC}") = "001_Task_starten", "001_Task_starten\001_Task_starten.csproj", "{D6B842EC-67A3-4205-ACA4-A337F81CC278}"
EndProject
Project("{FAE04EC0-301F-11D3-BF4B-00C04F79EFBC}") = "002_Task_beenden", "002_Task_beenden\002_Task_beenden.csproj", "{9AC98B70-296C-45DA-A4DA-3D652CD13E37}"
EndProject
Project("{FAE04EC0-301F-11D3-BF4B-00C04F79EFBC}") = "003_TaskFactorySample", "003_TaskFactorySample\003_TaskFactorySample.csproj", "{C7AD8960-C23A-48F9-BE7E-F62938783937}"
EndProject
Project("{FAE04EC0-301F-11D3-BF4B-00C04F79EFBC}") = "004_Task_MitParameter", "004_Task_MitParameter\004_Task_MitParameter.csproj", "{1E3FEBD6-AA47-4EEC-9B7E-CC8D5429D9B2}"
EndProject
Project("{FAE04EC0-301F-11D3-BF4B-00C04F79EFBC}") = "005_Task_mit_Exceptions", "005_Task_mit_Exceptions\005_Task_mit_Exceptions.csproj", "{B0D77144-C1C0-49B6-A024-CA7EC2627417}"
EndProject
Project("{FAE04EC0-301F-11D3-BF4B-00C04F79EFBC}") = "006_ContinueWithSample", "006_ContinueWithSample\006_ContinueWithSample.csproj", "{33AE457E-392C-478C-A4F0-D92F36E00F6D}"
EndProject
Project("{FAE04EC0-301F-11D3-BF4B-00C04F79EFBC}") = "007_ContinueWithParameter", "007_ContinueWithParameter\007_ContinueWithParameter.csproj", "{AD7C3AA4-1D84-458D-8C5E-9433E21DE0A6}"
EndProject
Project("{FAE04EC0-301F-11D3-BF4B-00C04F79EFBC}") = "AsyncAwaitSample", "AsyncAwaitSample\AsyncAwaitSample.csproj", "{BA9692BC-0657-4DB9-9AC0-22B17823BD56}"
EndProject
Global
	GlobalSection(SolutionConfigurationPlatforms) = preSolution
		Debug|Any CPU = Debug|Any CPU
		Release|Any CPU = Release|Any CPU
	EndGlobalSection
	GlobalSection(ProjectConfigurationPlatforms) = postSolution
		{1CC2B11C-7451-46D4-AB83-8F968794FC46}.Debug|Any CPU.ActiveCfg = Debug|Any CPU
		{1CC2B11C-7451-46D4-AB83-8F968794FC46}.Debug|Any CPU.Build.0 = Debug|Any CPU
		{1CC2B11C-7451-46D4-AB83-8F968794FC46}.Release|Any CPU.ActiveCfg = Release|Any CPU
		{1CC2B11C-7451-46D4-AB83-8F968794FC46}.Release|Any CPU.Build.0 = Release|Any CPU
		{4B8758C4-6488-4503-9680-D9F5FA1C54FD}.Debug|Any CPU.ActiveCfg = Debug|Any CPU
		{4B8758C4-6488-4503-9680-D9F5FA1C54FD}.Debug|Any CPU.Build.0 = Debug|Any CPU
		{4B8758C4-6488-4503-9680-D9F5FA1C54FD}.Release|Any CPU.ActiveCfg = Release|Any CPU
		{4B8758C4-6488-4503-9680-D9F5FA1C54FD}.Release|Any CPU.Build.0 = Release|Any CPU
		{DBC78A96-9C61-47E1-9208-B8CAC6972572}.Debug|Any CPU.ActiveCfg = Debug|Any CPU
		{DBC78A96-9C61-47E1-9208-B8CAC6972572}.Debug|Any CPU.Build.0 = Debug|Any CPU
		{DBC78A96-9C61-47E1-9208-B8CAC6972572}.Release|Any CPU.ActiveCfg = Release|Any CPU
		{DBC78A96-9C61-47E1-9208-B8CAC6972572}.Release|Any CPU.Build.0 = Release|Any CPU
		{8B3A308A-C41D-4CA6-9A23-411B5E84B441}.Debug|Any CPU.ActiveCfg = Debug|Any CPU
		{8B3A308A-C41D-4CA6-9A23-411B5E84B441}.Debug|Any CPU.Build.0 = Debug|Any CPU
		{8B3A308A-C41D-4CA6-9A23-411B5E84B441}.Release|Any CPU.ActiveCfg = Release|Any CPU
		{8B3A308A-C41D-4CA6-9A23-411B5E84B441}.Release|Any CPU.Build.0 = Release|Any CPU
		{93AB39E4-E939-4888-B4E1-F58F4BC1467D}.Debug|Any CPU.ActiveCfg = Debug|Any CPU
		{93AB39E4-E939-4888-B4E1-F58F4BC1467D}.Debug|Any CPU.Build.0 = Debug|Any CPU
		{93AB39E4-E939-4888-B4E1-F58F4BC1467D}.Release|Any CPU.ActiveCfg = Release|Any CPU
		{93AB39E4-E939-4888-B4E1-F58F4BC1467D}.Release|Any CPU.Build.0 = Release|Any CPU
		{21B84702-8D9C-4F1A-B9F1-1BA510A60EED}.Debug|Any CPU.ActiveCfg = Debug|Any CPU
		{21B84702-8D9C-4F1A-B9F1-1BA510A60EED}.Debug|Any CPU.Build.0 = Debug|Any CPU
		{21B84702-8D9C-4F1A-B9F1-1BA510A60EED}.Release|Any CPU.ActiveCfg = Release|Any CPU
		{21B84702-8D9C-4F1A-B9F1-1BA510A60EED}.Release|Any CPU.Build.0 = Release|Any CPU
		{206E9484-9394-423E-AF82-A07B45F24D45}.Debug|Any CPU.ActiveCfg = Debug|Any CPU
		{206E9484-9394-423E-AF82-A07B45F24D45}.Debug|Any CPU.Build.0 = Debug|Any CPU
		{206E9484-9394-423E-AF82-A07B45F24D45}.Release|Any CPU.ActiveCfg = Release|Any CPU
		{206E9484-9394-423E-AF82-A07B45F24D45}.Release|Any CPU.Build.0 = Release|Any CPU
		{35EAAA44-B07B-48EA-A80E-C14BAC804248}.Debug|Any CPU.ActiveCfg = Debug|Any CPU
		{35EAAA44-B07B-48EA-A80E-C14BAC804248}.Debug|Any CPU.Build.0 = Debug|Any CPU
		{35EAAA44-B07B-48EA-A80E-C14BAC804248}.Release|Any CPU.ActiveCfg = Release|Any CPU
		{35EAAA44-B07B-48EA-A80E-C14BAC804248}.Release|Any CPU.Build.0 = Release|Any CPU
		{365DAAEE-F3EB-4538-82B8-2E465549B4AD}.Debug|Any CPU.ActiveCfg = Debug|Any CPU
		{365DAAEE-F3EB-4538-82B8-2E465549B4AD}.Debug|Any CPU.Build.0 = Debug|Any CPU
		{365DAAEE-F3EB-4538-82B8-2E465549B4AD}.Release|Any CPU.ActiveCfg = Release|Any CPU
		{365DAAEE-F3EB-4538-82B8-2E465549B4AD}.Release|Any CPU.Build.0 = Release|Any CPU
		{663953D4-B3F6-485C-B820-D5D1C8FD27FC}.Debug|Any CPU.ActiveCfg = Debug|Any CPU
		{663953D4-B3F6-485C-B820-D5D1C8FD27FC}.Debug|Any CPU.Build.0 = Debug|Any CPU
		{663953D4-B3F6-485C-B820-D5D1C8FD27FC}.Release|Any CPU.ActiveCfg = Release|Any CPU
		{663953D4-B3F6-485C-B820-D5D1C8FD27FC}.Release|Any CPU.Build.0 = Release|Any CPU
		{D6B842EC-67A3-4205-ACA4-A337F81CC278}.Debug|Any CPU.ActiveCfg = Debug|Any CPU
		{D6B842EC-67A3-4205-ACA4-A337F81CC278}.Debug|Any CPU.Build.0 = Debug|Any CPU
		{D6B842EC-67A3-4205-ACA4-A337F81CC278}.Release|Any CPU.ActiveCfg = Release|Any CPU
		{D6B842EC-67A3-4205-ACA4-A337F81CC278}.Release|Any CPU.Build.0 = Release|Any CPU
		{9AC98B70-296C-45DA-A4DA-3D652CD13E37}.Debug|Any CPU.ActiveCfg = Debug|Any CPU
		{9AC98B70-296C-45DA-A4DA-3D652CD13E37}.Debug|Any CPU.Build.0 = Debug|Any CPU
		{9AC98B70-296C-45DA-A4DA-3D652CD13E37}.Release|Any CPU.ActiveCfg = Release|Any CPU
		{9AC98B70-296C-45DA-A4DA-3D652CD13E37}.Release|Any CPU.Build.0 = Release|Any CPU
		{C7AD8960-C23A-48F9-BE7E-F62938783937}.Debug|Any CPU.ActiveCfg = Debug|Any CPU
		{C7AD8960-C23A-48F9-BE7E-F62938783937}.Debug|Any CPU.Build.0 = Debug|Any CPU
		{C7AD8960-C23A-48F9-BE7E-F62938783937}.Release|Any CPU.ActiveCfg = Release|Any CPU
		{C7AD8960-C23A-48F9-BE7E-F62938783937}.Release|Any CPU.Build.0 = Release|Any CPU
		{1E3FEBD6-AA47-4EEC-9B7E-CC8D5429D9B2}.Debug|Any CPU.ActiveCfg = Debug|Any CPU
		{1E3FEBD6-AA47-4EEC-9B7E-CC8D5429D9B2}.Debug|Any CPU.Build.0 = Debug|Any CPU
		{1E3FEBD6-AA47-4EEC-9B7E-CC8D5429D9B2}.Release|Any CPU.ActiveCfg = Release|Any CPU
		{1E3FEBD6-AA47-4EEC-9B7E-CC8D5429D9B2}.Release|Any CPU.Build.0 = Release|Any CPU
		{B0D77144-C1C0-49B6-A024-CA7EC2627417}.Debug|Any CPU.ActiveCfg = Debug|Any CPU
		{B0D77144-C1C0-49B6-A024-CA7EC2627417}.Debug|Any CPU.Build.0 = Debug|Any CPU
		{B0D77144-C1C0-49B6-A024-CA7EC2627417}.Release|Any CPU.ActiveCfg = Release|Any CPU
		{B0D77144-C1C0-49B6-A024-CA7EC2627417}.Release|Any CPU.Build.0 = Release|Any CPU
		{33AE457E-392C-478C-A4F0-D92F36E00F6D}.Debug|Any CPU.ActiveCfg = Debug|Any CPU
		{33AE457E-392C-478C-A4F0-D92F36E00F6D}.Debug|Any CPU.Build.0 = Debug|Any CPU
		{33AE457E-392C-478C-A4F0-D92F36E00F6D}.Release|Any CPU.ActiveCfg = Release|Any CPU
		{33AE457E-392C-478C-A4F0-D92F36E00F6D}.Release|Any CPU.Build.0 = Release|Any CPU
		{AD7C3AA4-1D84-458D-8C5E-9433E21DE0A6}.Debug|Any CPU.ActiveCfg = Debug|Any CPU
		{AD7C3AA4-1D84-458D-8C5E-9433E21DE0A6}.Debug|Any CPU.Build.0 = Debug|Any CPU
		{AD7C3AA4-1D84-458D-8C5E-9433E21DE0A6}.Release|Any CPU.ActiveCfg = Release|Any CPU
		{AD7C3AA4-1D84-458D-8C5E-9433E21DE0A6}.Release|Any CPU.Build.0 = Release|Any CPU
		{BA9692BC-0657-4DB9-9AC0-22B17823BD56}.Debug|Any CPU.ActiveCfg = Debug|Any CPU
		{BA9692BC-0657-4DB9-9AC0-22B17823BD56}.Debug|Any CPU.Build.0 = Debug|Any CPU
		{BA9692BC-0657-4DB9-9AC0-22B17823BD56}.Release|Any CPU.ActiveCfg = Release|Any CPU
		{BA9692BC-0657-4DB9-9AC0-22B17823BD56}.Release|Any CPU.Build.0 = Release|Any CPU
	EndGlobalSection
	GlobalSection(SolutionProperties) = preSolution
		HideSolutionNode = FALSE
	EndGlobalSection
	GlobalSection(NestedProjects) = preSolution
		{1CC2B11C-7451-46D4-AB83-8F968794FC46} = {B189D720-09B4-4EF8-95EA-02DA17EF8564}
		{4B8758C4-6488-4503-9680-D9F5FA1C54FD} = {B189D720-09B4-4EF8-95EA-02DA17EF8564}
		{DBC78A96-9C61-47E1-9208-B8CAC6972572} = {B189D720-09B4-4EF8-95EA-02DA17EF8564}
		{8B3A308A-C41D-4CA6-9A23-411B5E84B441} = {B189D720-09B4-4EF8-95EA-02DA17EF8564}
		{93AB39E4-E939-4888-B4E1-F58F4BC1467D} = {A0012A13-73E5-4D44-815D-3B757099CE43}
		{21B84702-8D9C-4F1A-B9F1-1BA510A60EED} = {B189D720-09B4-4EF8-95EA-02DA17EF8564}
		{35EAAA44-B07B-48EA-A80E-C14BAC804248} = {BA4317D2-2A21-4E45-86EB-5FBE63E6FEC1}
		{BA4317D2-2A21-4E45-86EB-5FBE63E6FEC1} = {D8725B44-3A89-4D5A-BB75-A63B7E20421E}
		{03055BBF-F754-4DB8-8AA4-9FFD9CC0C0BF} = {D8725B44-3A89-4D5A-BB75-A63B7E20421E}
		{365DAAEE-F3EB-4538-82B8-2E465549B4AD} = {03055BBF-F754-4DB8-8AA4-9FFD9CC0C0BF}
		{663953D4-B3F6-485C-B820-D5D1C8FD27FC} = {D8725B44-3A89-4D5A-BB75-A63B7E20421E}
		{D6B842EC-67A3-4205-ACA4-A337F81CC278} = {AD62753D-EFBB-4AAB-81AD-02EF41BF195B}
		{9AC98B70-296C-45DA-A4DA-3D652CD13E37} = {AD62753D-EFBB-4AAB-81AD-02EF41BF195B}
		{C7AD8960-C23A-48F9-BE7E-F62938783937} = {AD62753D-EFBB-4AAB-81AD-02EF41BF195B}
		{1E3FEBD6-AA47-4EEC-9B7E-CC8D5429D9B2} = {AD62753D-EFBB-4AAB-81AD-02EF41BF195B}
		{B0D77144-C1C0-49B6-A024-CA7EC2627417} = {AD62753D-EFBB-4AAB-81AD-02EF41BF195B}
		{33AE457E-392C-478C-A4F0-D92F36E00F6D} = {AD62753D-EFBB-4AAB-81AD-02EF41BF195B}
		{AD7C3AA4-1D84-458D-8C5E-9433E21DE0A6} = {AD62753D-EFBB-4AAB-81AD-02EF41BF195B}
		{BA9692BC-0657-4DB9-9AC0-22B17823BD56} = {AD62753D-EFBB-4AAB-81AD-02EF41BF195B}
	EndGlobalSection
	GlobalSection(ExtensibilityGlobals) = postSolution
		SolutionGuid = {AA16DBFA-0062-47DB-BA16-61832433A785}
	EndGlobalSection
EndGlobal
